// !$*UTF8*$!
{
	archiveVersion = 1;
	classes = {
	};
	objectVersion = 46;
	objects = {

/* Begin PBXBuildFile section */
		3041B5481E345EED007EF87B /* Assets.xcassets in Resources */ = {isa = PBXBuildFile; fileRef = 3041B5471E345EED007EF87B /* Assets.xcassets */; };
		3041B54B1E345EEE007EF87B /* MainMenu.xib in Resources */ = {isa = PBXBuildFile; fileRef = 3041B5491E345EEE007EF87B /* MainMenu.xib */; };
		3041B5571E345F2B007EF87B /* AppDelegate.swift in Sources */ = {isa = PBXBuildFile; fileRef = 3041B5541E345F2B007EF87B /* AppDelegate.swift */; };
/* End PBXBuildFile section */

/* Begin PBXFileReference section */
		3041B5421E345EED007EF87B /* 03 NSTextField.app */ = {isa = PBXFileReference; explicitFileType = wrapper.application; includeInIndex = 0; path = "03 NSTextField.app"; sourceTree = BUILT_PRODUCTS_DIR; };
		3041B5471E345EED007EF87B /* Assets.xcassets */ = {isa = PBXFileReference; lastKnownFileType = folder.assetcatalog; path = Assets.xcassets; sourceTree = "<group>"; };
		3041B54A1E345EEE007EF87B /* Base */ = {isa = PBXFileReference; lastKnownFileType = file.xib; name = Base; path = Base.lproj/MainMenu.xib; sourceTree = "<group>"; };
		3041B54C1E345EEE007EF87B /* Info.plist */ = {isa = PBXFileReference; lastKnownFileType = text.plist.xml; path = Info.plist; sourceTree = "<group>"; };
		3041B5541E345F2B007EF87B /* AppDelegate.swift */ = {isa = PBXFileReference; fileEncoding = 4; lastKnownFileType = sourcecode.swift; path = AppDelegate.swift; sourceTree = "<group>"; };
/* End PBXFileReference section */

/* Begin PBXFrameworksBuildPhase section */
		3041B53F1E345EED007EF87B /* Frameworks */ = {
			isa = PBXFrameworksBuildPhase;
			buildActionMask = 2147483647;
			files = (
			);
			runOnlyForDeploymentPostprocessing = 0;
		};
/* End PBXFrameworksBuildPhase section */

/* Begin PBXGroup section */
		3041B5391E345EED007EF87B = {
			isa = PBXGroup;
			children = (
				3041B5441E345EED007EF87B /* 03 NSTextField */,
				3041B5431E345EED007EF87B /* Products */,
			);
			sourceTree = "<group>";
		};
		3041B5431E345EED007EF87B /* Products */ = {
			isa = PBXGroup;
			children = (
				3041B5421E345EED007EF87B /* 03 NSTextField.app */,
			);
			name = Products;
			sourceTree = "<group>";
		};
		3041B5441E345EED007EF87B /* 03 NSTextField */ = {
			isa = PBXGroup;
			children = (
				3041B5531E345F2B007EF87B /* Classes */,
				3041B5521E345F05007EF87B /* SupportFile */,
			);
			path = "03 NSTextField";
			sourceTree = "<group>";
		};
		3041B5521E345F05007EF87B /* SupportFile */ = {
			isa = PBXGroup;
			children = (
				3041B5471E345EED007EF87B /* Assets.xcassets */,
				3041B5491E345EEE007EF87B /* MainMenu.xib */,
				3041B54C1E345EEE007EF87B /* Info.plist */,
			);
			name = SupportFile;
			sourceTree = "<group>";
		};
		3041B5531E345F2B007EF87B /* Classes */ = {
			isa = PBXGroup;
			children = (
				3041B5541E345F2B007EF87B /* AppDelegate.swift */,
				3041B5551E345F2B007EF87B /* BaseView */,
				3041B5561E345F2B007EF87B /* Controllers */,
			);
			path = Classes;
			sourceTree = "<group>";
		};
		3041B5551E345F2B007EF87B /* BaseView */ = {
			isa = PBXGroup;
			children = (
			);
			path = BaseView;
			sourceTree = "<group>";
		};
		3041B5561E345F2B007EF87B /* Controllers */ = {
			isa = PBXGroup;
			children = (
			);
			path = Controllers;
			sourceTree = "<group>";
		};
/* End PBXGroup section */

/* Begin PBXNativeTarget section */
		3041B5411E345EED007EF87B /* 03 NSTextField */ = {
			isa = PBXNativeTarget;
			buildConfigurationList = 3041B54F1E345EEE007EF87B /* Build configuration list for PBXNativeTarget "03 NSTextField" */;
			buildPhases = (
				3041B53E1E345EED007EF87B /* Sources */,
				3041B53F1E345EED007EF87B /* Frameworks */,
				3041B5401E345EED007EF87B /* Resources */,
			);
			buildRules = (
			);
			dependencies = (
			);
			name = "03 NSTextField";
			productName = "03 NSTextField";
			productReference = 3041B5421E345EED007EF87B /* 03 NSTextField.app */;
			productType = "com.apple.product-type.application";
		};
/* End PBXNativeTarget section */

/* Begin PBXProject section */
		3041B53A1E345EED007EF87B /* Project object */ = {
			isa = PBXProject;
			attributes = {
				LastSwiftUpdateCheck = 0820;
				LastUpgradeCheck = 0820;
				ORGANIZATIONNAME = "王潇";
				TargetAttributes = {
					3041B5411E345EED007EF87B = {
						CreatedOnToolsVersion = 8.2;
						ProvisioningStyle = Automatic;
					};
				};
			};
			buildConfigurationList = 3041B53D1E345EED007EF87B /* Build configuration list for PBXProject "03 NSTextField" */;
			compatibilityVersion = "Xcode 3.2";
			developmentRegion = English;
			hasScannedForEncodings = 0;
			knownRegions = (
				en,
				Base,
			);
			mainGroup = 3041B5391E345EED007EF87B;
			productRefGroup = 3041B5431E345EED007EF87B /* Products */;
			projectDirPath = "";
			projectRoot = "";
			targets = (
				3041B5411E345EED007EF87B /* 03 NSTextField */,
			);
		};
/* End PBXProject section */

/* Begin PBXResourcesBuildPhase section */
		3041B5401E345EED007EF87B /* Resources */ = {
			isa = PBXResourcesBuildPhase;
			buildActionMask = 2147483647;
			files = (
				3041B5481E345EED007EF87B /* Assets.xcassets in Resources */,
				3041B54B1E345EEE007EF87B /* MainMenu.xib in Resources */,
			);
			runOnlyForDeploymentPostprocessing = 0;
		};
/* End PBXResourcesBuildPhase section */

/* Begin PBXSourcesBuildPhase section */
		3041B53E1E345EED007EF87B /* Sources */ = {
			isa = PBXSourcesBuildPhase;
			buildActionMask = 2147483647;
			files = (
				3041B5571E345F2B007EF87B /* AppDelegate.swift in Sources */,
			);
			runOnlyForDeploymentPostprocessing = 0;
		};
/* End PBXSourcesBuildPhase section */

/* Begin PBXVariantGroup section */
		3041B5491E345EEE007EF87B /* MainMenu.xib */ = {
			isa = PBXVariantGroup;
			children = (
				3041B54A1E345EEE007EF87B /* Base */,
			);
			name = MainMenu.xib;
			sourceTree = "<group>";
		};
/* End PBXVariantGroup section */

/* Begin XCBuildConfiguration section */
		3041B54D1E345EEE007EF87B /* Debug */ = {
			isa = XCBuildConfiguration;
			buildSettings = {
				ALWAYS_SEARCH_USER_PATHS = NO;
				CLANG_ANALYZER_NONNULL = YES;
				CLANG_CXX_LANGUAGE_STANDARD = "gnu++0x";
				CLANG_CXX_LIBRARY = "libc++";
				CLANG_ENABLE_MODULES = YES;
				CLANG_ENABLE_OBJC_ARC = YES;
				CLANG_WARN_BOOL_CONVERSION = YES;
				CLANG_WARN_CONSTANT_CONVERSION = YES;
				CLANG_WARN_DIRECT_OBJC_ISA_USAGE = YES_ERROR;
				CLANG_WARN_DOCUMENTATION_COMMENTS = YES;
				CLANG_WARN_EMPTY_BODY = YES;
				CLANG_WARN_ENUM_CONVERSION = YES;
				CLANG_WARN_INFINITE_RECURSION = YES;
				CLANG_WARN_INT_CONVERSION = YES;
				CLANG_WARN_OBJC_ROOT_CLASS = YES_ERROR;
				CLANG_WARN_SUSPICIOUS_MOVE = YES;
				CLANG_WARN_UNREACHABLE_CODE = YES;
				CLANG_WARN__DUPLICATE_METHOD_MATCH = YES;
				CODE_SIGN_IDENTITY = "-";
				COPY_PHASE_STRIP = NO;
				DEBUG_INFORMATION_FORMAT = dwarf;
				ENABLE_STRICT_OBJC_MSGSEND = YES;
				ENABLE_TESTABILITY = YES;
				GCC_C_LANGUAGE_STANDARD = gnu99;
				GCC_DYNAMIC_NO_PIC = NO;
				GCC_NO_COMMON_BLOCKS = YES;
				GCC_OPTIMIZATION_LEVEL = 0;
				GCC_PREPROCESSOR_DEFINITIONS = (
					"DEBUG=1",
					"$(inherited)",
				);
				GCC_WARN_64_TO_32_BIT_CONVERSION = YES;
				GCC_WARN_ABOUT_RETURN_TYPE = YES_ERROR;
				GCC_WARN_UNDECLARED_SELECTOR = YES;
				GCC_WARN_UNINITIALIZED_AUTOS = YES_AGGRESSIVE;
				GCC_WARN_UNUSED_FUNCTION = YES;
				GCC_WARN_UNUSED_VARIABLE = YES;
				MACOSX_DEPLOYMENT_TARGET = 10.12;
				MTL_ENABLE_DEBUG_INFO = YES;
				ONLY_ACTIVE_ARCH = YES;
				SDKROOT = macosx;
				SWIFT_ACTIVE_COMPILATION_CONDITIONS = DEBUG;
				SWIFT_OPTIMIZATION_LEVEL = "-Onone";
			};
			name = Debug;
		};
		3041B54E1E345EEE007EF87B /* Release */ = {
			isa = XCBuildConfiguration;
			buildSettings = {
				ALWAYS_SEARCH_USER_PATHS = NO;
				CLANG_ANALYZER_NONNULL = YES;
				CLANG_CXX_LANGUAGE_STANDARD = "gnu++0x";
				CLANG_CXX_LIBRARY = "libc++";
				CLANG_ENABLE_MODULES = YES;
				CLANG_ENABLE_OBJC_ARC = YES;
				CLANG_WARN_BOOL_CONVERSION = YES;
				CLANG_WARN_CONSTANT_CONVERSION = YES;
				CLANG_WARN_DIRECT_OBJC_ISA_USAGE = YES_ERROR;
				CLANG_WARN_DOCUMENTATION_COMMENTS = YES;
				CLANG_WARN_EMPTY_BODY = YES;
				CLANG_WARN_ENUM_CONVERSION = YES;
				CLANG_WARN_INFINITE_RECURSION = YES;
				CLANG_WARN_INT_CONVERSION = YES;
				CLANG_WARN_OBJC_ROOT_CLASS = YES_ERROR;
				CLANG_WARN_SUSPICIOUS_MOVE = YES;
				CLANG_WARN_UNREACHABLE_CODE = YES;
				CLANG_WARN__DUPLICATE_METHOD_MATCH = YES;
				CODE_SIGN_IDENTITY = "-";
				COPY_PHASE_STRIP = NO;
				DEBUG_INFORMATION_FORMAT = "dwarf-with-dsym";
				ENABLE_NS_ASSERTIONS = NO;
				ENABLE_STRICT_OBJC_MSGSEND = YES;
				GCC_C_LANGUAGE_STANDARD = gnu99;
				GCC_NO_COMMON_BLOCKS = YES;
				GCC_WARN_64_TO_32_BIT_CONVERSION = YES;
				GCC_WARN_ABOUT_RETURN_TYPE = YES_ERROR;
				GCC_WARN_UNDECLARED_SELECTOR = YES;
				GCC_WARN_UNINITIALIZED_AUTOS = YES_AGGRESSIVE;
				GCC_WARN_UNUSED_FUNCTION = YES;
				GCC_WARN_UNUSED_VARIABLE = YES;
				MACOSX_DEPLOYMENT_TARGET = 10.12;
				MTL_ENABLE_DEBUG_INFO = NO;
				SDKROOT = macosx;
				SWIFT_OPTIMIZATION_LEVEL = "-Owholemodule";
			};
			name = Release;
		};
		3041B5501E345EEE007EF87B /* Debug */ = {
			isa = XCBuildConfiguration;
			buildSettings = {
				ASSETCATALOG_COMPILER_APPICON_NAME = AppIcon;
				COMBINE_HIDPI_IMAGES = YES;
				INFOPLIST_FILE = "03 NSTextField/Info.plist";
				LD_RUNPATH_SEARCH_PATHS = "$(inherited) @executable_path/../Frameworks";
				PRODUCT_BUNDLE_IDENTIFIER = "jerry.wx.-3-NSTextField";
				PRODUCT_NAME = "$(TARGET_NAME)";
				SWIFT_VERSION = 3.0;
			};
			name = Debug;
		};
		3041B5511E345EEE007EF87B /* Release */ = {
			isa = XCBuildConfiguration;
			buildSettings = {
				ASSETCATALOG_COMPILER_APPICON_NAME = AppIcon;
				COMBINE_HIDPI_IMAGES = YES;
				INFOPLIST_FILE = "03 NSTextField/Info.plist";
				LD_RUNPATH_SEARCH_PATHS = "$(inherited) @executable_path/../Frameworks";
				PRODUCT_BUNDLE_IDENTIFIER = "jerry.wx.-3-NSTextField";
				PRODUCT_NAME = "$(TARGET_NAME)";
				SWIFT_VERSION = 3.0;
			};
			name = Release;
		};
/* End XCBuildConfiguration section */

/* Begin XCConfigurationList section */
		3041B53D1E345EED007EF87B /* Build configuration list for PBXProject "03 NSTextField" */ = {
			isa = XCConfigurationList;
			buildConfigurations = (
				3041B54D1E345EEE007EF87B /* Debug */,
				3041B54E1E345EEE007EF87B /* Release */,
			);
			defaultConfigurationIsVisible = 0;
			defaultConfigurationName = Release;
		};
		3041B54F1E345EEE007EF87B /* Build configuration list for PBXNativeTarget "03 NSTextField" */ = {
			isa = XCConfigurationList;
			buildConfigurations = (
				3041B5501E345EEE007EF87B /* Debug */,
				3041B5511E345EEE007EF87B /* Release */,
			);
			defaultConfigurationIsVisible = 0;
		};
/* End XCConfigurationList section */
	};
	rootObject = 3041B53A1E345EED007EF87B /* Project object */;
}
